
Microsoft Visual Studio Solution File, Format Version 12.00
# Visual Studio Version 16
VisualStudioVersion = 16.0.29215.179
MinimumVisualStudioVersion = 10.0.40219.1
Project("{9A19103F-16F7-4668-BE54-9A1E7A4F7556}") = "DeveloperPlatformView", "DeveloperPlatformView.csproj", "{4D39CD28-9785-4F2F-99B4-E80C28791212}"
EndProject
Project("{FAE04EC0-301F-11D3-BF4B-00C04F79EFBC}") = "DAL", "..\JobOffer.DAL\DAL.csproj", "{722D45D1-D24B-471B-B21F-4F7549089130}"
EndProject
Project("{FAE04EC0-301F-11D3-BF4B-00C04F79EFBC}") = "JobOfferTest.View", "..\JobOfferTest.View\JobOfferTest.View.csproj", "{56B5E7EC-0192-4D72-9D2D-A7E5F2F77350}"
EndProject
Project("{FAE04EC0-301F-11D3-BF4B-00C04F79EFBC}") = "Business", "..\JobOffer.Logic\Business.csproj", "{681C951C-C95C-4045-9300-4009ECE46E38}"
EndProject
Project("{FAE04EC0-301F-11D3-BF4B-00C04F79EFBC}") = "Interfaces", "..\Interfaces\Interfaces.csproj", "{461C8895-E0FB-4BD0-B2B2-2EE208A6F0AF}"
EndProject
Project("{FAE04EC0-301F-11D3-BF4B-00C04F79EFBC}") = "Models", "..\Models\Models.csproj", "{E4E08343-2B31-400C-BD86-22B74746F408}"
EndProject
Project("{FAE04EC0-301F-11D3-BF4B-00C04F79EFBC}") = "DalTests", "..\UnitTests\DalTests.csproj", "{EBF61E5E-3499-4C25-8237-D7B48169676B}"
EndProject
Project("{FAE04EC0-301F-11D3-BF4B-00C04F79EFBC}") = "BusinessTests", "..\BusinessTests\BusinessTests.csproj", "{2D841998-2418-46D8-BE33-81CC26868632}"
EndProject
Global
	GlobalSection(SolutionConfigurationPlatforms) = preSolution
		Debug|Any CPU = Debug|Any CPU
		Release|Any CPU = Release|Any CPU
	EndGlobalSection
	GlobalSection(ProjectConfigurationPlatforms) = postSolution
		{4D39CD28-9785-4F2F-99B4-E80C28791212}.Debug|Any CPU.ActiveCfg = Debug|Any CPU
		{4D39CD28-9785-4F2F-99B4-E80C28791212}.Debug|Any CPU.Build.0 = Debug|Any CPU
		{4D39CD28-9785-4F2F-99B4-E80C28791212}.Release|Any CPU.ActiveCfg = Release|Any CPU
		{4D39CD28-9785-4F2F-99B4-E80C28791212}.Release|Any CPU.Build.0 = Release|Any CPU
		{722D45D1-D24B-471B-B21F-4F7549089130}.Debug|Any CPU.ActiveCfg = Debug|Any CPU
		{722D45D1-D24B-471B-B21F-4F7549089130}.Debug|Any CPU.Build.0 = Debug|Any CPU
		{722D45D1-D24B-471B-B21F-4F7549089130}.Release|Any CPU.ActiveCfg = Release|Any CPU
		{722D45D1-D24B-471B-B21F-4F7549089130}.Release|Any CPU.Build.0 = Release|Any CPU
		{56B5E7EC-0192-4D72-9D2D-A7E5F2F77350}.Debug|Any CPU.ActiveCfg = Debug|Any CPU
		{56B5E7EC-0192-4D72-9D2D-A7E5F2F77350}.Debug|Any CPU.Build.0 = Debug|Any CPU
		{56B5E7EC-0192-4D72-9D2D-A7E5F2F77350}.Release|Any CPU.ActiveCfg = Release|Any CPU
		{56B5E7EC-0192-4D72-9D2D-A7E5F2F77350}.Release|Any CPU.Build.0 = Release|Any CPU
		{681C951C-C95C-4045-9300-4009ECE46E38}.Debug|Any CPU.ActiveCfg = Debug|Any CPU
		{681C951C-C95C-4045-9300-4009ECE46E38}.Debug|Any CPU.Build.0 = Debug|Any CPU
		{681C951C-C95C-4045-9300-4009ECE46E38}.Release|Any CPU.ActiveCfg = Release|Any CPU
		{681C951C-C95C-4045-9300-4009ECE46E38}.Release|Any CPU.Build.0 = Release|Any CPU
		{461C8895-E0FB-4BD0-B2B2-2EE208A6F0AF}.Debug|Any CPU.ActiveCfg = Debug|Any CPU
		{461C8895-E0FB-4BD0-B2B2-2EE208A6F0AF}.Debug|Any CPU.Build.0 = Debug|Any CPU
		{461C8895-E0FB-4BD0-B2B2-2EE208A6F0AF}.Release|Any CPU.ActiveCfg = Release|Any CPU
		{461C8895-E0FB-4BD0-B2B2-2EE208A6F0AF}.Release|Any CPU.Build.0 = Release|Any CPU
		{E4E08343-2B31-400C-BD86-22B74746F408}.Debug|Any CPU.ActiveCfg = Debug|Any CPU
		{E4E08343-2B31-400C-BD86-22B74746F408}.Debug|Any CPU.Build.0 = Debug|Any CPU
		{E4E08343-2B31-400C-BD86-22B74746F408}.Release|Any CPU.ActiveCfg = Release|Any CPU
		{E4E08343-2B31-400C-BD86-22B74746F408}.Release|Any CPU.Build.0 = Release|Any CPU
		{EBF61E5E-3499-4C25-8237-D7B48169676B}.Debug|Any CPU.ActiveCfg = Debug|Any CPU
		{EBF61E5E-3499-4C25-8237-D7B48169676B}.Debug|Any CPU.Build.0 = Debug|Any CPU
		{EBF61E5E-3499-4C25-8237-D7B48169676B}.Release|Any CPU.ActiveCfg = Release|Any CPU
		{EBF61E5E-3499-4C25-8237-D7B48169676B}.Release|Any CPU.Build.0 = Release|Any CPU
		{2D841998-2418-46D8-BE33-81CC26868632}.Debug|Any CPU.ActiveCfg = Debug|Any CPU
		{2D841998-2418-46D8-BE33-81CC26868632}.Debug|Any CPU.Build.0 = Debug|Any CPU
		{2D841998-2418-46D8-BE33-81CC26868632}.Release|Any CPU.ActiveCfg = Release|Any CPU
		{2D841998-2418-46D8-BE33-81CC26868632}.Release|Any CPU.Build.0 = Release|Any CPU
	EndGlobalSection
	GlobalSection(SolutionProperties) = preSolution
		HideSolutionNode = FALSE
	EndGlobalSection
	GlobalSection(ExtensibilityGlobals) = postSolution
		SolutionGuid = {0C15EC58-1727-4644-B3E9-1C0490A9182D}
	EndGlobalSection
EndGlobal
